
Microsoft Visual Studio Solution File, Format Version 12.00
# Visual Studio Version 16
VisualStudioVersion = 16.0.30320.27
MinimumVisualStudioVersion = 10.0.40219.1
Project("{2150E333-8FDC-42A3-9474-1A3956D46DE8}") = "Relational Model", "Relational Model", "{A2198CE5-7AE6-4293-A3A9-4A9BDAB7FF33}"
EndProject
Project("{00D1A9C2-B5F0-4AF3-8072-F6C62B433612}") = "EDA_Synapse", "Relational Model\EDA_Synapse\EDA_Synapse.sqlproj", "{D3567543-4232-45AF-AED3-C54370D45798}"
EndProject
Project("{2150E333-8FDC-42A3-9474-1A3956D46DE8}") = "Semantic Model", "Semantic Model", "{2E4DBD10-AA8F-4C66-8247-C9CD37DD1A7C}"
	ProjectSection(SolutionItems) = preProject
		Semantic Model\deployment_script\SetConnectionStringFromEnv.cs = Semantic Model\deployment_script\SetConnectionStringFromEnv.cs
	EndProjectSection
EndProject
Project("{6870E480-7721-4708-BFB8-9AE898AA21B3}") = "Performance Brief Daily", "Semantic Model\Performance Brief Daily\Performance Brief Daily.smproj", "{8CE414BB-95B2-4C99-9E03-51BA72086E22}"
EndProject
Project("{2150E333-8FDC-42A3-9474-1A3956D46DE8}") = "Scripts", "Scripts", "{B9E9F4AB-B222-48AB-A09D-0B4F65B053F9}"
	ProjectSection(SolutionItems) = preProject
		Semantic Model\deployment_script\SetConnectionStringFromEnv.cs = Semantic Model\deployment_script\SetConnectionStringFromEnv.cs
	EndProjectSection
EndProject
Global
	GlobalSection(SolutionConfigurationPlatforms) = preSolution
		Debug|Any CPU = Debug|Any CPU
		Debug|x86 = Debug|x86
		Development|Any CPU = Development|Any CPU
		Development|x86 = Development|x86
		Release|Any CPU = Release|Any CPU
		Release|x86 = Release|x86
	EndGlobalSection
	GlobalSection(ProjectConfigurationPlatforms) = postSolution
		{D3567543-4232-45AF-AED3-C54370D45798}.Debug|Any CPU.ActiveCfg = Debug|Any CPU
		{D3567543-4232-45AF-AED3-C54370D45798}.Debug|Any CPU.Build.0 = Debug|Any CPU
		{D3567543-4232-45AF-AED3-C54370D45798}.Debug|Any CPU.Deploy.0 = Debug|Any CPU
		{D3567543-4232-45AF-AED3-C54370D45798}.Debug|x86.ActiveCfg = Debug|Any CPU
		{D3567543-4232-45AF-AED3-C54370D45798}.Debug|x86.Build.0 = Debug|Any CPU
		{D3567543-4232-45AF-AED3-C54370D45798}.Debug|x86.Deploy.0 = Debug|Any CPU
		{D3567543-4232-45AF-AED3-C54370D45798}.Development|Any CPU.ActiveCfg = Debug|Any CPU
		{D3567543-4232-45AF-AED3-C54370D45798}.Development|Any CPU.Build.0 = Debug|Any CPU
		{D3567543-4232-45AF-AED3-C54370D45798}.Development|Any CPU.Deploy.0 = Debug|Any CPU
		{D3567543-4232-45AF-AED3-C54370D45798}.Development|x86.ActiveCfg = Debug|Any CPU
		{D3567543-4232-45AF-AED3-C54370D45798}.Development|x86.Build.0 = Debug|Any CPU
		{D3567543-4232-45AF-AED3-C54370D45798}.Development|x86.Deploy.0 = Debug|Any CPU
		{D3567543-4232-45AF-AED3-C54370D45798}.Release|Any CPU.ActiveCfg = Release|Any CPU
		{D3567543-4232-45AF-AED3-C54370D45798}.Release|Any CPU.Build.0 = Release|Any CPU
		{D3567543-4232-45AF-AED3-C54370D45798}.Release|Any CPU.Deploy.0 = Release|Any CPU
		{D3567543-4232-45AF-AED3-C54370D45798}.Release|x86.ActiveCfg = Release|Any CPU
		{D3567543-4232-45AF-AED3-C54370D45798}.Release|x86.Build.0 = Release|Any CPU
		{D3567543-4232-45AF-AED3-C54370D45798}.Release|x86.Deploy.0 = Release|Any CPU
		{8CE414BB-95B2-4C99-9E03-51BA72086E22}.Debug|Any CPU.ActiveCfg = Development|x86
		{8CE414BB-95B2-4C99-9E03-51BA72086E22}.Debug|Any CPU.Build.0 = Development|x86
		{8CE414BB-95B2-4C99-9E03-51BA72086E22}.Debug|Any CPU.Deploy.0 = Development|x86
		{8CE414BB-95B2-4C99-9E03-51BA72086E22}.Debug|x86.ActiveCfg = Development|x86
		{8CE414BB-95B2-4C99-9E03-51BA72086E22}.Debug|x86.Build.0 = Development|x86
		{8CE414BB-95B2-4C99-9E03-51BA72086E22}.Debug|x86.Deploy.0 = Development|x86
		{8CE414BB-95B2-4C99-9E03-51BA72086E22}.Development|Any CPU.ActiveCfg = Development|x86
		{8CE414BB-95B2-4C99-9E03-51BA72086E22}.Development|x86.ActiveCfg = Development|x86
		{8CE414BB-95B2-4C99-9E03-51BA72086E22}.Development|x86.Build.0 = Development|x86
		{8CE414BB-95B2-4C99-9E03-51BA72086E22}.Development|x86.Deploy.0 = Development|x86
		{8CE414BB-95B2-4C99-9E03-51BA72086E22}.Release|Any CPU.ActiveCfg = Development|x86
		{8CE414BB-95B2-4C99-9E03-51BA72086E22}.Release|Any CPU.Build.0 = Development|x86
		{8CE414BB-95B2-4C99-9E03-51BA72086E22}.Release|Any CPU.Deploy.0 = Development|x86
		{8CE414BB-95B2-4C99-9E03-51BA72086E22}.Release|x86.ActiveCfg = Development|x86
		{8CE414BB-95B2-4C99-9E03-51BA72086E22}.Release|x86.Build.0 = Development|x86
		{8CE414BB-95B2-4C99-9E03-51BA72086E22}.Release|x86.Deploy.0 = Development|x86
	EndGlobalSection
	GlobalSection(SolutionProperties) = preSolution
		HideSolutionNode = FALSE
	EndGlobalSection
	GlobalSection(NestedProjects) = preSolution
		{D3567543-4232-45AF-AED3-C54370D45798} = {A2198CE5-7AE6-4293-A3A9-4A9BDAB7FF33}
		{8CE414BB-95B2-4C99-9E03-51BA72086E22} = {2E4DBD10-AA8F-4C66-8247-C9CD37DD1A7C}
		{B9E9F4AB-B222-48AB-A09D-0B4F65B053F9} = {2E4DBD10-AA8F-4C66-8247-C9CD37DD1A7C}
	EndGlobalSection
	GlobalSection(ExtensibilityGlobals) = postSolution
		SolutionGuid = {71A79DD7-A4DD-463D-AD14-F2957A98FA02}
	EndGlobalSection
EndGlobal
